Microsoft Visual Studio Solution File, Format Version 12.00
# Visual Studio Version 17
VisualStudioVersion = 17.8.0.0
MinimumVisualStudioVersion = 17.8.0.0
Project("{2150E333-8FDC-42A3-9474-1A3956D46DE8}") = "src", "src", "{00B88A6F-A325-4D99-967A-9DF7667BF30A}"
EndProject
Project("{FAE04EC0-301F-11D3-BF4B-00C04F79EFBC}") = "mydapr.Order", "src\mydapr.Order\mydapr.Order.csproj", "{58BF2AA3-0634-42D6-B750-2E8C4A8ABD29}"
EndProject
Project("{FAE04EC0-301F-11D3-BF4B-00C04F79EFBC}") = "mydapr.Basket", "src\mydapr.Basket\mydapr.Basket.csproj", "{65F5AB47-B458-4B10-A8E3-FE6FFE16F411}"
EndProject
Project("{FAE04EC0-301F-11D3-BF4B-00C04F79EFBC}") = "mydapr.Web", "src\mydapr.Web\mydapr.Web.csproj", "{2B94A724-CA16-4B4D-B1C1-0BDFD30380DA}"
EndProject
Project("{FAE04EC0-301F-11D3-BF4B-00C04F79EFBC}") = "mydapr.ApiService", "src\mydapr.ApiService\mydapr.ApiService.csproj", "{38758AEB-061E-49E4-82AB-A4C1D4A6F15D}"
EndProject
Project("{FAE04EC0-301F-11D3-BF4B-00C04F79EFBC}") = "mydapr.AppHost", "src\mydapr.AppHost\mydapr.AppHost.csproj", "{D9165808-8BD1-42E7-834A-32EDB2769388}"
EndProject
Project("{FAE04EC0-301F-11D3-BF4B-00C04F79EFBC}") = "mydapr.ServiceDefaults", "src\mydapr.ServiceDefaults\mydapr.ServiceDefaults.csproj", "{E4C26F88-DDA3-469E-86B6-4E1015B189A7}"
EndProject
Project("{FAE04EC0-301F-11D3-BF4B-00C04F79EFBC}") = "DaprBuildingBlock", "src\DaprBuildingBlock\DaprBuildingBlock.csproj", "{FB6EFD27-60B7-44F7-A48A-FD74F49C87DF}"
EndProject
Project("{FAE04EC0-301F-11D3-BF4B-00C04F79EFBC}") = "mydapr.Identity", "src\mydapr.Identity\mydapr.Identity.csproj", "{8F3135CC-646A-45D7-9EE6-67E412930A23}"
EndProject
Project("{FAE04EC0-301F-11D3-BF4B-00C04F79EFBC}") = "mydapr.WebClient", "src\mydapr.WebClient\mydapr.WebClient.csproj", "{9FBE0102-9926-4731-85E4-C3DAACDC6105}"
EndProject
Global
	GlobalSection(SolutionConfigurationPlatforms) = preSolution
		Debug|Any CPU = Debug|Any CPU
		Release|Any CPU = Release|Any CPU
	EndGlobalSection
	GlobalSection(ProjectConfigurationPlatforms) = postSolution
		{58BF2AA3-0634-42D6-B750-2E8C4A8ABD29}.Debug|Any CPU.ActiveCfg = Debug|Any CPU
		{58BF2AA3-0634-42D6-B750-2E8C4A8ABD29}.Debug|Any CPU.Build.0 = Debug|Any CPU
		{58BF2AA3-0634-42D6-B750-2E8C4A8ABD29}.Release|Any CPU.ActiveCfg = Release|Any CPU
		{58BF2AA3-0634-42D6-B750-2E8C4A8ABD29}.Release|Any CPU.Build.0 = Release|Any CPU
		{65F5AB47-B458-4B10-A8E3-FE6FFE16F411}.Debug|Any CPU.ActiveCfg = Debug|Any CPU
		{65F5AB47-B458-4B10-A8E3-FE6FFE16F411}.Debug|Any CPU.Build.0 = Debug|Any CPU
		{65F5AB47-B458-4B10-A8E3-FE6FFE16F411}.Release|Any CPU.ActiveCfg = Release|Any CPU
		{65F5AB47-B458-4B10-A8E3-FE6FFE16F411}.Release|Any CPU.Build.0 = Release|Any CPU
		{2B94A724-CA16-4B4D-B1C1-0BDFD30380DA}.Debug|Any CPU.ActiveCfg = Debug|Any CPU
		{2B94A724-CA16-4B4D-B1C1-0BDFD30380DA}.Debug|Any CPU.Build.0 = Debug|Any CPU
		{2B94A724-CA16-4B4D-B1C1-0BDFD30380DA}.Release|Any CPU.ActiveCfg = Release|Any CPU
		{2B94A724-CA16-4B4D-B1C1-0BDFD30380DA}.Release|Any CPU.Build.0 = Release|Any CPU
		{38758AEB-061E-49E4-82AB-A4C1D4A6F15D}.Debug|Any CPU.ActiveCfg = Debug|Any CPU
		{38758AEB-061E-49E4-82AB-A4C1D4A6F15D}.Debug|Any CPU.Build.0 = Debug|Any CPU
		{38758AEB-061E-49E4-82AB-A4C1D4A6F15D}.Release|Any CPU.ActiveCfg = Release|Any CPU
		{38758AEB-061E-49E4-82AB-A4C1D4A6F15D}.Release|Any CPU.Build.0 = Release|Any CPU
		{D9165808-8BD1-42E7-834A-32EDB2769388}.Debug|Any CPU.ActiveCfg = Debug|Any CPU
		{D9165808-8BD1-42E7-834A-32EDB2769388}.Debug|Any CPU.Build.0 = Debug|Any CPU
		{D9165808-8BD1-42E7-834A-32EDB2769388}.Release|Any CPU.ActiveCfg = Release|Any CPU
		{D9165808-8BD1-42E7-834A-32EDB2769388}.Release|Any CPU.Build.0 = Release|Any CPU
		{E4C26F88-DDA3-469E-86B6-4E1015B189A7}.Debug|Any CPU.ActiveCfg = Debug|Any CPU
		{E4C26F88-DDA3-469E-86B6-4E1015B189A7}.Debug|Any CPU.Build.0 = Debug|Any CPU
		{E4C26F88-DDA3-469E-86B6-4E1015B189A7}.Release|Any CPU.ActiveCfg = Release|Any CPU
		{E4C26F88-DDA3-469E-86B6-4E1015B189A7}.Release|Any CPU.Build.0 = Release|Any CPU
		{FB6EFD27-60B7-44F7-A48A-FD74F49C87DF}.Debug|Any CPU.ActiveCfg = Debug|Any CPU
		{FB6EFD27-60B7-44F7-A48A-FD74F49C87DF}.Debug|Any CPU.Build.0 = Debug|Any CPU
		{FB6EFD27-60B7-44F7-A48A-FD74F49C87DF}.Release|Any CPU.ActiveCfg = Release|Any CPU
		{FB6EFD27-60B7-44F7-A48A-FD74F49C87DF}.Release|Any CPU.Build.0 = Release|Any CPU
		{8F3135CC-646A-45D7-9EE6-67E412930A23}.Debug|Any CPU.ActiveCfg = Debug|Any CPU
		{8F3135CC-646A-45D7-9EE6-67E412930A23}.Debug|Any CPU.Build.0 = Debug|Any CPU
		{8F3135CC-646A-45D7-9EE6-67E412930A23}.Release|Any CPU.ActiveCfg = Release|Any CPU
		{8F3135CC-646A-45D7-9EE6-67E412930A23}.Release|Any CPU.Build.0 = Release|Any CPU
		{9FBE0102-9926-4731-85E4-C3DAACDC6105}.Debug|Any CPU.ActiveCfg = Debug|Any CPU
		{9FBE0102-9926-4731-85E4-C3DAACDC6105}.Debug|Any CPU.Build.0 = Debug|Any CPU
		{9FBE0102-9926-4731-85E4-C3DAACDC6105}.Release|Any CPU.ActiveCfg = Release|Any CPU
		{9FBE0102-9926-4731-85E4-C3DAACDC6105}.Release|Any CPU.Build.0 = Release|Any CPU
	EndGlobalSection
	GlobalSection(SolutionProperties) = preSolution
		HideSolutionNode = FALSE
	EndGlobalSection
	GlobalSection(ExtensibilityGlobals) = postSolution
		SolutionGuid = {9D7FF415-4174-451E-BB60-0044E1018CAC}
	EndGlobalSection
	GlobalSection(NestedProjects) = preSolution
		{58BF2AA3-0634-42D6-B750-2E8C4A8ABD29} = {00B88A6F-A325-4D99-967A-9DF7667BF30A}
		{65F5AB47-B458-4B10-A8E3-FE6FFE16F411} = {00B88A6F-A325-4D99-967A-9DF7667BF30A}
		{2B94A724-CA16-4B4D-B1C1-0BDFD30380DA} = {00B88A6F-A325-4D99-967A-9DF7667BF30A}
		{38758AEB-061E-49E4-82AB-A4C1D4A6F15D} = {00B88A6F-A325-4D99-967A-9DF7667BF30A}
		{D9165808-8BD1-42E7-834A-32EDB2769388} = {00B88A6F-A325-4D99-967A-9DF7667BF30A}
		{E4C26F88-DDA3-469E-86B6-4E1015B189A7} = {00B88A6F-A325-4D99-967A-9DF7667BF30A}
		{FB6EFD27-60B7-44F7-A48A-FD74F49C87DF} = {00B88A6F-A325-4D99-967A-9DF7667BF30A}
		{8F3135CC-646A-45D7-9EE6-67E412930A23} = {00B88A6F-A325-4D99-967A-9DF7667BF30A}
		{9FBE0102-9926-4731-85E4-C3DAACDC6105} = {00B88A6F-A325-4D99-967A-9DF7667BF30A}
	EndGlobalSection
EndGlobal
